
Microsoft Visual Studio Solution File, Format Version 12.00
# Visual Studio Version 17
VisualStudioVersion = 17.11.35208.52
MinimumVisualStudioVersion = 10.0.40219.1
Project("{9A19103F-16F7-4668-BE54-9A1E7A4F7556}") = "QuantityCalculation.API", "QuantityCalculation.API\QuantityCalculation.API.csproj", "{2DEAA97B-525C-43F8-AB1F-3DC6EC3CDE2B}"
EndProject
Project("{9A19103F-16F7-4668-BE54-9A1E7A4F7556}") = "QuantityCalculation", "QuantityCalculation\QuantityCalculation.csproj", "{A8E24341-EEDD-43E6-A58B-F0ACADDF3B04}"
	ProjectSection(ProjectDependencies) = postProject
		{2DEAA97B-525C-43F8-AB1F-3DC6EC3CDE2B} = {2DEAA97B-525C-43F8-AB1F-3DC6EC3CDE2B}
	EndProjectSection
EndProject
Global
	GlobalSection(SolutionConfigurationPlatforms) = preSolution
		Debug|Any CPU = Debug|Any CPU
		Release|Any CPU = Release|Any CPU
	EndGlobalSection
	GlobalSection(ProjectConfigurationPlatforms) = postSolution
		{2DEAA97B-525C-43F8-AB1F-3DC6EC3CDE2B}.Debug|Any CPU.ActiveCfg = Debug|Any CPU
		{2DEAA97B-525C-43F8-AB1F-3DC6EC3CDE2B}.Debug|Any CPU.Build.0 = Debug|Any CPU
		{2DEAA97B-525C-43F8-AB1F-3DC6EC3CDE2B}.Release|Any CPU.ActiveCfg = Release|Any CPU
		{2DEAA97B-525C-43F8-AB1F-3DC6EC3CDE2B}.Release|Any CPU.Build.0 = Release|Any CPU
		{A8E24341-EEDD-43E6-A58B-F0ACADDF3B04}.Debug|Any CPU.ActiveCfg = Debug|Any CPU
		{A8E24341-EEDD-43E6-A58B-F0ACADDF3B04}.Debug|Any CPU.Build.0 = Debug|Any CPU
		{A8E24341-EEDD-43E6-A58B-F0ACADDF3B04}.Debug|Any CPU.Deploy.0 = Debug|Any CPU
		{A8E24341-EEDD-43E6-A58B-F0ACADDF3B04}.Release|Any CPU.ActiveCfg = Release|Any CPU
		{A8E24341-EEDD-43E6-A58B-F0ACADDF3B04}.Release|Any CPU.Build.0 = Release|Any CPU
		{A8E24341-EEDD-43E6-A58B-F0ACADDF3B04}.Release|Any CPU.Deploy.0 = Release|Any CPU
	EndGlobalSection
	GlobalSection(SolutionProperties) = preSolution
		HideSolutionNode = FALSE
	EndGlobalSection
	GlobalSection(ExtensibilityGlobals) = postSolution
		SolutionGuid = {D69026E1-BFB2-4FF7-B42A-D53558638106}
	EndGlobalSection
EndGlobal
